{
  "lockfileVersion": 1,
  "configVersion": 1,
  "workspaces": {
    "": {
      "name": "tn-anticheat",
      "devDependencies": {
        "@minecraft/server": "2.6.0-beta.1.26.0-stable",
        "@minecraft/server-ui": "2.1.0-beta.1.26.0-stable",
        "oxlint": "^1.46.0",
        "oxlint-tsgolint": "^0.12.0",
        "typescript": "^5.9.2",
      },
    },
  },
  "overrides": {
    "@minecraft/server": "2.6.0-beta.1.26.0-stable",
  },
  "packages": {
    "@minecraft/common": ["@minecraft/common@1.2.0", "", {}, "sha512-JdmEq4P3Z/FtoBzhLijFgMSVFnFRrUoLwY8DHHrgtFo0mfLTOLTB1RErYjLMsA6b7BGVNxkX/pfFRiH7QZ0XwQ=="],

    "@minecraft/server": ["@minecraft/server@2.6.0-beta.1.26.0-stable", "", { "peerDependencies": { "@minecraft/common": "^1.2.0", "@minecraft/vanilla-data": ">=1.20.70" } }, "sha512-I8GFHqE4LNnmI5FnCpCGjbURHbdzYJdZtJ9vqfjlJ8TkWKlrrJVQpIr6IDghG0jon1Zv0zMJUWprpo6wsedkVg=="],

    "@minecraft/server-ui": ["@minecraft/server-ui@2.1.0-beta.1.26.0-stable", "", { "peerDependencies": { "@minecraft/common": "^1.0.0", "@minecraft/server": "^2.0.0 || ^2.6.0-beta.1.26.0-stable" } }, "sha512-fhqI+CcMBj5YvaVz/yBZn+uL2/bjklC2tNjTVX4nO48MywN2gehTSkO+V6FqaKTsnEXJ7kPkXiSdBnsZ0KSfKw=="],

    "@minecraft/vanilla-data": ["@minecraft/vanilla-data@1.21.131", "", {}, "sha512-Ptw6t5mgyOODFmZxpZRRawjfhgcniGNf7kZqxV98RTAJi61tZ6wEMcI9muiWXw5yrNstYcTxJmqVjx1RaZKkxg=="],

    "@oxlint-tsgolint/darwin-arm64": ["@oxlint-tsgolint/darwin-arm64@0.12.0", "", { "os": "darwin", "cpu": "arm64" }, "sha512-0tY8yjj6EZUIaz4OOp/a7qonh0HioLsLTVRFOky1RouELUj95pSlVdIM0e8554csmJ2PsDXGfBCiYOiDVYrYDQ=="],

    "@oxlint-tsgolint/darwin-x64": ["@oxlint-tsgolint/darwin-x64@0.12.0", "", { "os": "darwin", "cpu": "x64" }, "sha512-2KvHdh56XsvsUQNH0/wLegYjKisjgMZqSsk0s3S5h79+EYBl/X1XGgle2zaiyTsgLXIYyabDBku4jXBY2AfmkA=="],

    "@oxlint-tsgolint/linux-arm64": ["@oxlint-tsgolint/linux-arm64@0.12.0", "", { "os": "linux", "cpu": "arm64" }, "sha512-oV8YIrmqkw2/oV89XA0wJ63hw1IfohyoF0Or2hjBb1HZpZNj1SrtFC1K4ikIcjPwLJ43FH4Rhacb//S3qx5zbQ=="],

    "@oxlint-tsgolint/linux-x64": ["@oxlint-tsgolint/linux-x64@0.12.0", "", { "os": "linux", "cpu": "x64" }, "sha512-9t4IUPeq3+TQPL6W7HkYaEYpsYO+SUqdB+MPqIjwWbF+30I2/RPu37aclZq/J3Ybic+eMbWTtodPAIu5Gjq+kg=="],

    "@oxlint-tsgolint/win32-arm64": ["@oxlint-tsgolint/win32-arm64@0.12.0", "", { "os": "win32", "cpu": "arm64" }, "sha512-HdtDsqH+KdOy/7Mod9UJIjgRM6XjyOgFEbp1jW7AjMWzLjQgMvSF/tTphaLqb4vnRIIDU8Y3Or8EYDCek/++bA=="],

    "@oxlint-tsgolint/win32-x64": ["@oxlint-tsgolint/win32-x64@0.12.0", "", { "os": "win32", "cpu": "x64" }, "sha512-f0tXGQb/qgvLM/UbjHzia+R4jBoG6rQp1SvnaEjpDtn8OSr2rn0IhqdpeBEtIUnUeSXcTFR0iEqJb39soP6r0A=="],

    "@oxlint/binding-android-arm-eabi": ["@oxlint/binding-android-arm-eabi@1.46.0", "", { "os": "android", "cpu": "arm" }, "sha512-vLPcE+HcZ/W/0cVA1KLuAnoUSejGougDH/fDjBFf0Q+rbBIyBNLevOhgx3AnBNAt3hcIGY7U05ISbJCKZeVa3w=="],

    "@oxlint/binding-android-arm64": ["@oxlint/binding-android-arm64@1.46.0", "", { "os": "android", "cpu": "arm64" }, "sha512-b8IqCczUsirdtJ3R/be4cRm64I5pMPafMO/9xyTAZvc+R/FxZHMQuhw0iNT9hQwRn+Uo5rNAoA8QS7QurG2QeA=="],

    "@oxlint/binding-darwin-arm64": ["@oxlint/binding-darwin-arm64@1.46.0", "", { "os": "darwin", "cpu": "arm64" }, "sha512-CfC/KGnNMhI01dkfCMjquKnW4zby3kqD5o/9XA7+pgo9I4b+Nipm+JVFyZPWMNwKqLXNmi35GTLWjs9svPxlew=="],

    "@oxlint/binding-darwin-x64": ["@oxlint/binding-darwin-x64@1.46.0", "", { "os": "darwin", "cpu": "x64" }, "sha512-m38mKPsV3rBdWOJ4TAGZiUjWU8RGrBxsmdSeMQ0bPr/8O6CUOm/RJkPBf0GAfPms2WRVcbkfEXvIiPshAeFkeA=="],

    "@oxlint/binding-freebsd-x64": ["@oxlint/binding-freebsd-x64@1.46.0", "", { "os": "freebsd", "cpu": "x64" }, "sha512-YaFRKslSAfuMwn7ejS1/wo9jENqQigpGBjjThX+mrpmEROLYGky+zIC5xSVGRng28U92VEDVbSNJ/sguz3dUAA=="],

    "@oxlint/binding-linux-arm-gnueabihf": ["@oxlint/binding-linux-arm-gnueabihf@1.46.0", "", { "os": "linux", "cpu": "arm" }, "sha512-Nlw+5mSZQtkg1Oj0N8ulxzG8ATpmSDz5V2DNaGhaYAVlcdR8NYSm/xTOnweOXc/UOOv3LwkPPYzqcfPhu2lEkA=="],

    "@oxlint/binding-linux-arm-musleabihf": ["@oxlint/binding-linux-arm-musleabihf@1.46.0", "", { "os": "linux", "cpu": "arm" }, "sha512-d3Y5y4ukMqAGnWLMKpwqj8ftNUaac7pA0NrId4AZ77JvHzezmxEcm2gswaBw2HW8y1pnq6KDB0vEPPvpTfDLrA=="],

    "@oxlint/binding-linux-arm64-gnu": ["@oxlint/binding-linux-arm64-gnu@1.46.0", "", { "os": "linux", "cpu": "arm64" }, "sha512-jkjx+XSOPuFR+C458prQmehO+v0VK19/3Hj2mOYDF4hHUf3CzmtA4fTmQUtkITZiGHnky7Oao6JeJX24mrX7WQ=="],

    "@oxlint/binding-linux-arm64-musl": ["@oxlint/binding-linux-arm64-musl@1.46.0", "", { "os": "linux", "cpu": "arm64" }, "sha512-X/aPB1rpJUdykjWSeeGIbjk6qbD8VDulgLuTSMWgr/t6m1ljcAjqHb1g49pVG9bZl55zjECgzvlpPLWnfb4FMQ=="],

    "@oxlint/binding-linux-ppc64-gnu": ["@oxlint/binding-linux-ppc64-gnu@1.46.0", "", { "os": "linux", "cpu": "ppc64" }, "sha512-AymyOxGWwKY2KJa8b+h8iLrYJZbWKYCjqctSc2q6uIAkYPrCsxcWlge1JP6XZ14Sa80DVMwI/QvktbytSV+xVw=="],

    "@oxlint/binding-linux-riscv64-gnu": ["@oxlint/binding-linux-riscv64-gnu@1.46.0", "", { "os": "linux", "cpu": "none" }, "sha512-PkeVdPKCDA59rlMuucsel2LjlNEpslQN5AhkMMorIJZItbbqi/0JSuACCzaiIcXYv0oNfbeQ8rbOBikv+aT6cg=="],

    "@oxlint/binding-linux-riscv64-musl": ["@oxlint/binding-linux-riscv64-musl@1.46.0", "", { "os": "linux", "cpu": "none" }, "sha512-snQaRLO/X+Ry/CxX1px1g8GUbmXzymdRs+/RkP2bySHWZFhFDtbLm2hA1ujX/jKlTLMJDZn4hYzFGLDwG/Rh2w=="],

    "@oxlint/binding-linux-s390x-gnu": ["@oxlint/binding-linux-s390x-gnu@1.46.0", "", { "os": "linux", "cpu": "s390x" }, "sha512-kZhDMwUe/sgDTluGao9c0Dqc1JzV6wPzfGo0l/FLQdh5Zmp39Yg1FbBsCgsJfVKmKl1fNqsHyFLTShWMOlOEhA=="],

    "@oxlint/binding-linux-x64-gnu": ["@oxlint/binding-linux-x64-gnu@1.46.0", "", { "os": "linux", "cpu": "x64" }, "sha512-n5a7VtQTxHZ13cNAKQc3ziARv5bE1Fx868v/tnhZNVUjaRNYe5uiUrRJ/LZghdAzOxVuQGarjjq/q4QM2+9OPA=="],

    "@oxlint/binding-linux-x64-musl": ["@oxlint/binding-linux-x64-musl@1.46.0", "", { "os": "linux", "cpu": "x64" }, "sha512-KpsDU/BhdVn3iKCLxMXAOZIpO8fS0jEA5iluRoK1rhHPwKtpzEm/OCwERsu/vboMSZm66qnoTUVXRPJ8M+iKVQ=="],

    "@oxlint/binding-openharmony-arm64": ["@oxlint/binding-openharmony-arm64@1.46.0", "", { "os": "none", "cpu": "arm64" }, "sha512-jtbqUyEXlsDlRmMtTZqNbw49+1V/WxqNAR5l0S3OEkdat9diI5I+eqq9IT+jb5cSDdszTGcXpn7S3+gUYSydxQ=="],

    "@oxlint/binding-win32-arm64-msvc": ["@oxlint/binding-win32-arm64-msvc@1.46.0", "", { "os": "win32", "cpu": "arm64" }, "sha512-EE8NjpqEZPwHQVigNvdyJ11dZwWIfsfn4VeBAuiJeAdrnY4HFX27mIjJINJgP5ZdBYEFV1OWH/eb9fURCYel8w=="],

    "@oxlint/binding-win32-ia32-msvc": ["@oxlint/binding-win32-ia32-msvc@1.46.0", "", { "os": "win32", "cpu": "ia32" }, "sha512-BHyk3H/HRdXs+uImGZ/2+qCET+B8lwGHOm7m54JiJEEUWf3zYCFX/Df1SPqtozWWmnBvioxoTG1J3mPRAr8KUA=="],

    "@oxlint/binding-win32-x64-msvc": ["@oxlint/binding-win32-x64-msvc@1.46.0", "", { "os": "win32", "cpu": "x64" }, "sha512-DJbQsSJUr4KSi9uU0QqOgI7PX2C+fKGZX+YDprt3vM2sC0dWZsgVTLoN2vtkNyEWJSY2mnvRFUshWXT3bmo0Ug=="],

    "oxlint": ["oxlint@1.46.0", "", { "optionalDependencies": { "@oxlint/binding-android-arm-eabi": "1.46.0", "@oxlint/binding-android-arm64": "1.46.0", "@oxlint/binding-darwin-arm64": "1.46.0", "@oxlint/binding-darwin-x64": "1.46.0", "@oxlint/binding-freebsd-x64": "1.46.0", "@oxlint/binding-linux-arm-gnueabihf": "1.46.0", "@oxlint/binding-linux-arm-musleabihf": "1.46.0", "@oxlint/binding-linux-arm64-gnu": "1.46.0", "@oxlint/binding-linux-arm64-musl": "1.46.0", "@oxlint/binding-linux-ppc64-gnu": "1.46.0", "@oxlint/binding-linux-riscv64-gnu": "1.46.0", "@oxlint/binding-linux-riscv64-musl": "1.46.0", "@oxlint/binding-linux-s390x-gnu": "1.46.0", "@oxlint/binding-linux-x64-gnu": "1.46.0", "@oxlint/binding-linux-x64-musl": "1.46.0", "@oxlint/binding-openharmony-arm64": "1.46.0", "@oxlint/binding-win32-arm64-msvc": "1.46.0", "@oxlint/binding-win32-ia32-msvc": "1.46.0", "@oxlint/binding-win32-x64-msvc": "1.46.0" }, "peerDependencies": { "oxlint-tsgolint": ">=0.11.2" }, "optionalPeers": ["oxlint-tsgolint"], "bin": { "oxlint": "bin/oxlint" } }, "sha512-I9h42QDtAVsRwoueJ4PL/7qN5jFzIUXvbO4Z5ddtII92ZCiD7uiS/JW2V4viBSfGLsbZkQp3YEs6Ls4I8q+8tA=="],

    "oxlint-tsgolint": ["oxlint-tsgolint@0.12.0", "", { "optionalDependencies": { "@oxlint-tsgolint/darwin-arm64": "0.12.0", "@oxlint-tsgolint/darwin-x64": "0.12.0", "@oxlint-tsgolint/linux-arm64": "0.12.0", "@oxlint-tsgolint/linux-x64": "0.12.0", "@oxlint-tsgolint/win32-arm64": "0.12.0", "@oxlint-tsgolint/win32-x64": "0.12.0" }, "bin": { "tsgolint": "bin/tsgolint.js" } }, "sha512-Ab8Ztp5fwHuh+UFUOhrNx6iiTEgWRYSXXmli1QuFId22gEa7TB0nEdZ7Rrp1wr7SNXuWupJlYYk3FB9JNmW9tA=="],

    "typescript": ["typescript@5.9.3", "", { "bin": { "tsc": "bin/tsc", "tsserver": "bin/tsserver" } }, "sha512-jl1vZzPDinLr9eUt3J/t7V6FgNEw9QjvBPdysz9KfQDD41fQrC2Y4vKQdiaUpFT4bXlb1RHhLpp8wtm6M5TgSw=="],
  }
}
